{
  "name": "Don bosco website",
  "lockfileVersion": 3,
  "requires": true,
  "packages": {
    "": {
      "dependencies": {
        "pnpm": "^9.12.0"
      }
    },
    "node_modules/pnpm": {
      "version": "9.12.0",
      "resolved": "https://registry.npmjs.org/pnpm/-/pnpm-9.12.0.tgz",
      "integrity": "sha512-Sr9yUITXvLr71yi/x77mHy95H5d/2HVCs1edyyNQTRcNRjN5ReTGZIXNEtWIoMDlcO2cR358zdhQfPBfP5Lqyg==",
      "license": "MIT",
      "bin": {
        "pnpm": "bin/pnpm.cjs",
        "pnpx": "bin/pnpx.cjs"
      },
      "engines": {
        "node": ">=18.12"
      },
      "funding": {
        "url": "https://opencollective.com/pnpm"
      }
    }
  }
}
